{
    "version": 3,
    "terraform_version": "0.11.11",
    "serial": 6,
    "lineage": "495d9b1b-c6d8-a925-5c23-cb00510dc220",
    "modules": [
        {
            "path": [
                "root"
            ],
            "outputs": {},
            "resources": {
                "aws_internet_gateway.gw": {
                    "type": "aws_internet_gateway",
                    "depends_on": [
                        "aws_vpc.main"
                    ],
                    "primary": {
                        "id": "igw-0b670d4e399441601",
                        "attributes": {
                            "id": "igw-0b670d4e399441601",
                            "owner_id": "737252819182",
                            "tags.%": "1",
                            "tags.Name": "training_igw",
                            "vpc_id": "vpc-09f4c3615e24fac69"
                        },
                        "meta": {},
                        "tainted": false
                    },
                    "deposed": [],
                    "provider": "provider.aws"
                },
                "aws_route_table.public_route": {
                    "type": "aws_route_table",
                    "depends_on": [
                        "aws_internet_gateway.gw",
                        "aws_vpc.main"
                    ],
                    "primary": {
                        "id": "rtb-089591b653bf929f8",
                        "attributes": {
                            "id": "rtb-089591b653bf929f8",
                            "owner_id": "737252819182",
                            "propagating_vgws.#": "0",
                            "route.#": "1",
                            "route.4207763962.cidr_block": "0.0.0.0/0",
                            "route.4207763962.egress_only_gateway_id": "",
                            "route.4207763962.gateway_id": "igw-0b670d4e399441601",
                            "route.4207763962.instance_id": "",
                            "route.4207763962.ipv6_cidr_block": "",
                            "route.4207763962.nat_gateway_id": "",
                            "route.4207763962.network_interface_id": "",
                            "route.4207763962.transit_gateway_id": "",
                            "route.4207763962.vpc_peering_connection_id": "",
                            "tags.%": "1",
                            "tags.Name": "public_route",
                            "vpc_id": "vpc-09f4c3615e24fac69"
                        },
                        "meta": {},
                        "tainted": false
                    },
                    "deposed": [],
                    "provider": "provider.aws"
                },
                "aws_route_table_association.public_association1": {
                    "type": "aws_route_table_association",
                    "depends_on": [
                        "aws_route_table.public_route",
                        "aws_subnet.websubnet1"
                    ],
                    "primary": {
                        "id": "rtbassoc-0861af180d925ad3b",
                        "attributes": {
                            "id": "rtbassoc-0861af180d925ad3b",
                            "route_table_id": "rtb-089591b653bf929f8",
                            "subnet_id": "subnet-0ee92ad830b302306"
                        },
                        "meta": {},
                        "tainted": false
                    },
                    "deposed": [],
                    "provider": "provider.aws"
                },
                "aws_route_table_association.public_association2": {
                    "type": "aws_route_table_association",
                    "depends_on": [
                        "aws_route_table.public_route",
                        "aws_subnet.websubnet2"
                    ],
                    "primary": {
                        "id": "rtbassoc-0ef4b8a4a94612e2b",
                        "attributes": {
                            "id": "rtbassoc-0ef4b8a4a94612e2b",
                            "route_table_id": "rtb-089591b653bf929f8",
                            "subnet_id": "subnet-0c725785e83163505"
                        },
                        "meta": {},
                        "tainted": false
                    },
                    "deposed": [],
                    "provider": "provider.aws"
                },
                "aws_subnet.websubnet1": {
                    "type": "aws_subnet",
                    "depends_on": [
                        "aws_vpc.main"
                    ],
                    "primary": {
                        "id": "subnet-0ee92ad830b302306",
                        "attributes": {
                            "arn": "arn:aws:ec2:us-east-1:737252819182:subnet/subnet-0ee92ad830b302306",
                            "assign_ipv6_address_on_creation": "false",
                            "availability_zone": "us-east-1a",
                            "availability_zone_id": "use1-az1",
                            "cidr_block": "10.1.1.0/24",
                            "id": "subnet-0ee92ad830b302306",
                            "ipv6_cidr_block": "",
                            "ipv6_cidr_block_association_id": "",
                            "map_public_ip_on_launch": "false",
                            "owner_id": "737252819182",
                            "tags.%": "1",
                            "tags.Name": "training_websubnet1",
                            "vpc_id": "vpc-09f4c3615e24fac69"
                        },
                        "meta": {
                            "e2bfb730-ecaa-11e6-8f88-34363bc7c4c0": {
                                "create": 600000000000,
                                "delete": 600000000000
                            },
                            "schema_version": "1"
                        },
                        "tainted": false
                    },
                    "deposed": [],
                    "provider": "provider.aws"
                },
                "aws_subnet.websubnet2": {
                    "type": "aws_subnet",
                    "depends_on": [
                        "aws_vpc.main"
                    ],
                    "primary": {
                        "id": "subnet-0c725785e83163505",
                        "attributes": {
                            "arn": "arn:aws:ec2:us-east-1:737252819182:subnet/subnet-0c725785e83163505",
                            "assign_ipv6_address_on_creation": "false",
                            "availability_zone": "us-east-1b",
                            "availability_zone_id": "use1-az2",
                            "cidr_block": "10.1.2.0/24",
                            "id": "subnet-0c725785e83163505",
                            "ipv6_cidr_block": "",
                            "ipv6_cidr_block_association_id": "",
                            "map_public_ip_on_launch": "false",
                            "owner_id": "737252819182",
                            "tags.%": "1",
                            "tags.Name": "training_websubnet2",
                            "vpc_id": "vpc-09f4c3615e24fac69"
                        },
                        "meta": {
                            "e2bfb730-ecaa-11e6-8f88-34363bc7c4c0": {
                                "create": 600000000000,
                                "delete": 600000000000
                            },
                            "schema_version": "1"
                        },
                        "tainted": false
                    },
                    "deposed": [],
                    "provider": "provider.aws"
                },
                "aws_vpc.main": {
                    "type": "aws_vpc",
                    "depends_on": [],
                    "primary": {
                        "id": "vpc-09f4c3615e24fac69",
                        "attributes": {
                            "arn": "arn:aws:ec2:us-east-1:737252819182:vpc/vpc-09f4c3615e24fac69",
                            "assign_generated_ipv6_cidr_block": "false",
                            "cidr_block": "10.1.0.0/16",
                            "default_network_acl_id": "acl-0248a211c1ea49eb2",
                            "default_route_table_id": "rtb-07f27e6bc0f94c275",
                            "default_security_group_id": "sg-08abe4277a0252e55",
                            "dhcp_options_id": "dopt-2ff8ce49",
                            "enable_classiclink": "false",
                            "enable_classiclink_dns_support": "false",
                            "enable_dns_hostnames": "false",
                            "enable_dns_support": "true",
                            "id": "vpc-09f4c3615e24fac69",
                            "instance_tenancy": "default",
                            "ipv6_association_id": "",
                            "ipv6_cidr_block": "",
                            "main_route_table_id": "rtb-07f27e6bc0f94c275",
                            "owner_id": "737252819182",
                            "tags.%": "1",
                            "tags.Name": "training_vpc"
                        },
                        "meta": {
                            "schema_version": "1"
                        },
                        "tainted": false
                    },
                    "deposed": [],
                    "provider": "provider.aws"
                }
            },
            "depends_on": []
        }
    ]
}
